
Microsoft Visual Studio Solution File, Format Version 12.00
# Visual Studio Version 17
VisualStudioVersion = 17.9.34321.82
MinimumVisualStudioVersion = 10.0.40219.1
Project("{2150E333-8FDC-42A3-9474-1A3956D46DE8}") = "Data Access Layer", "Data Access Layer", "{E5CCAA52-7D0F-446B-9EC8-310A822450F8}"
EndProject
Project("{2150E333-8FDC-42A3-9474-1A3956D46DE8}") = "Domain Models", "Domain Models", "{63264AF7-8A33-45B4-B925-31BE0B2DD05E}"
EndProject
Project("{2150E333-8FDC-42A3-9474-1A3956D46DE8}") = "Presentation Layer", "Presentation Layer", "{B9C37B61-1516-43FD-BADE-5A6A93E0E129}"
EndProject
Project("{2150E333-8FDC-42A3-9474-1A3956D46DE8}") = "Shared", "Shared", "{6A228999-C54B-4BBC-BF3D-FC2DD01283E1}"
EndProject
Project("{9A19103F-16F7-4668-BE54-9A1E7A4F7556}") = "Data", "Data\Data.csproj", "{E4329F7C-A886-4BF6-9258-BEBDF51833BF}"
EndProject
Project("{9A19103F-16F7-4668-BE54-9A1E7A4F7556}") = "Domain", "Domain\Domain.csproj", "{AF32AD0C-7837-48A8-86F9-408F2C993FBD}"
EndProject
Project("{9A19103F-16F7-4668-BE54-9A1E7A4F7556}") = "Server", "Server\Server.csproj", "{760DB8A3-F67D-45AD-821C-E9615BE47F43}"
EndProject
Project("{9A19103F-16F7-4668-BE54-9A1E7A4F7556}") = "Constants", "Constants\Constants.csproj", "{C038E82E-E6EA-4314-AEC7-0FAE95E02234}"
EndProject
Project("{9A19103F-16F7-4668-BE54-9A1E7A4F7556}") = "NZLib", "NZLib\NZLib.csproj", "{CDB36791-75EE-4405-89B0-F400F232C102}"
EndProject
Project("{9A19103F-16F7-4668-BE54-9A1E7A4F7556}") = "NZLib.Seedwork.Abstractions", "NZLib.Seedwork.Abstractions\NZLib.Seedwork.Abstractions.csproj", "{6E8B2F1E-9CF0-42FF-82E8-D964F9C54474}"
EndProject
Project("{9A19103F-16F7-4668-BE54-9A1E7A4F7556}") = "NZLib.StateMachine.Abstractions", "NZLib.StateMachine.Abstractions\NZLib.StateMachine.Abstractions.csproj", "{24CBA110-7922-4EBA-838B-E8813B5BA7B5}"
EndProject
Project("{9A19103F-16F7-4668-BE54-9A1E7A4F7556}") = "Resources", "Resources\Resources.csproj", "{E98692E1-D34C-4F87-9B7E-47DB46A10E39}"
EndProject
Project("{9A19103F-16F7-4668-BE54-9A1E7A4F7556}") = "ViewModels", "ViewModels\ViewModels.csproj", "{4F72E69C-E645-466A-B657-B3159F85A833}"
EndProject
Global
	GlobalSection(SolutionConfigurationPlatforms) = preSolution
		Debug|Any CPU = Debug|Any CPU
		Release|Any CPU = Release|Any CPU
	EndGlobalSection
	GlobalSection(ProjectConfigurationPlatforms) = postSolution
		{E4329F7C-A886-4BF6-9258-BEBDF51833BF}.Debug|Any CPU.ActiveCfg = Debug|Any CPU
		{E4329F7C-A886-4BF6-9258-BEBDF51833BF}.Debug|Any CPU.Build.0 = Debug|Any CPU
		{E4329F7C-A886-4BF6-9258-BEBDF51833BF}.Release|Any CPU.ActiveCfg = Release|Any CPU
		{E4329F7C-A886-4BF6-9258-BEBDF51833BF}.Release|Any CPU.Build.0 = Release|Any CPU
		{AF32AD0C-7837-48A8-86F9-408F2C993FBD}.Debug|Any CPU.ActiveCfg = Debug|Any CPU
		{AF32AD0C-7837-48A8-86F9-408F2C993FBD}.Debug|Any CPU.Build.0 = Debug|Any CPU
		{AF32AD0C-7837-48A8-86F9-408F2C993FBD}.Release|Any CPU.ActiveCfg = Release|Any CPU
		{AF32AD0C-7837-48A8-86F9-408F2C993FBD}.Release|Any CPU.Build.0 = Release|Any CPU
		{760DB8A3-F67D-45AD-821C-E9615BE47F43}.Debug|Any CPU.ActiveCfg = Debug|Any CPU
		{760DB8A3-F67D-45AD-821C-E9615BE47F43}.Debug|Any CPU.Build.0 = Debug|Any CPU
		{760DB8A3-F67D-45AD-821C-E9615BE47F43}.Release|Any CPU.ActiveCfg = Release|Any CPU
		{760DB8A3-F67D-45AD-821C-E9615BE47F43}.Release|Any CPU.Build.0 = Release|Any CPU
		{C038E82E-E6EA-4314-AEC7-0FAE95E02234}.Debug|Any CPU.ActiveCfg = Debug|Any CPU
		{C038E82E-E6EA-4314-AEC7-0FAE95E02234}.Debug|Any CPU.Build.0 = Debug|Any CPU
		{C038E82E-E6EA-4314-AEC7-0FAE95E02234}.Release|Any CPU.ActiveCfg = Release|Any CPU
		{C038E82E-E6EA-4314-AEC7-0FAE95E02234}.Release|Any CPU.Build.0 = Release|Any CPU
		{CDB36791-75EE-4405-89B0-F400F232C102}.Debug|Any CPU.ActiveCfg = Debug|Any CPU
		{CDB36791-75EE-4405-89B0-F400F232C102}.Debug|Any CPU.Build.0 = Debug|Any CPU
		{CDB36791-75EE-4405-89B0-F400F232C102}.Release|Any CPU.ActiveCfg = Release|Any CPU
		{CDB36791-75EE-4405-89B0-F400F232C102}.Release|Any CPU.Build.0 = Release|Any CPU
		{6E8B2F1E-9CF0-42FF-82E8-D964F9C54474}.Debug|Any CPU.ActiveCfg = Debug|Any CPU
		{6E8B2F1E-9CF0-42FF-82E8-D964F9C54474}.Debug|Any CPU.Build.0 = Debug|Any CPU
		{6E8B2F1E-9CF0-42FF-82E8-D964F9C54474}.Release|Any CPU.ActiveCfg = Release|Any CPU
		{6E8B2F1E-9CF0-42FF-82E8-D964F9C54474}.Release|Any CPU.Build.0 = Release|Any CPU
		{24CBA110-7922-4EBA-838B-E8813B5BA7B5}.Debug|Any CPU.ActiveCfg = Debug|Any CPU
		{24CBA110-7922-4EBA-838B-E8813B5BA7B5}.Debug|Any CPU.Build.0 = Debug|Any CPU
		{24CBA110-7922-4EBA-838B-E8813B5BA7B5}.Release|Any CPU.ActiveCfg = Release|Any CPU
		{24CBA110-7922-4EBA-838B-E8813B5BA7B5}.Release|Any CPU.Build.0 = Release|Any CPU
		{E98692E1-D34C-4F87-9B7E-47DB46A10E39}.Debug|Any CPU.ActiveCfg = Debug|Any CPU
		{E98692E1-D34C-4F87-9B7E-47DB46A10E39}.Debug|Any CPU.Build.0 = Debug|Any CPU
		{E98692E1-D34C-4F87-9B7E-47DB46A10E39}.Release|Any CPU.ActiveCfg = Release|Any CPU
		{E98692E1-D34C-4F87-9B7E-47DB46A10E39}.Release|Any CPU.Build.0 = Release|Any CPU
		{4F72E69C-E645-466A-B657-B3159F85A833}.Debug|Any CPU.ActiveCfg = Debug|Any CPU
		{4F72E69C-E645-466A-B657-B3159F85A833}.Debug|Any CPU.Build.0 = Debug|Any CPU
		{4F72E69C-E645-466A-B657-B3159F85A833}.Release|Any CPU.ActiveCfg = Release|Any CPU
		{4F72E69C-E645-466A-B657-B3159F85A833}.Release|Any CPU.Build.0 = Release|Any CPU
	EndGlobalSection
	GlobalSection(SolutionProperties) = preSolution
		HideSolutionNode = FALSE
	EndGlobalSection
	GlobalSection(NestedProjects) = preSolution
		{E4329F7C-A886-4BF6-9258-BEBDF51833BF} = {E5CCAA52-7D0F-446B-9EC8-310A822450F8}
		{AF32AD0C-7837-48A8-86F9-408F2C993FBD} = {63264AF7-8A33-45B4-B925-31BE0B2DD05E}
		{760DB8A3-F67D-45AD-821C-E9615BE47F43} = {B9C37B61-1516-43FD-BADE-5A6A93E0E129}
		{C038E82E-E6EA-4314-AEC7-0FAE95E02234} = {6A228999-C54B-4BBC-BF3D-FC2DD01283E1}
		{CDB36791-75EE-4405-89B0-F400F232C102} = {6A228999-C54B-4BBC-BF3D-FC2DD01283E1}
		{6E8B2F1E-9CF0-42FF-82E8-D964F9C54474} = {6A228999-C54B-4BBC-BF3D-FC2DD01283E1}
		{24CBA110-7922-4EBA-838B-E8813B5BA7B5} = {6A228999-C54B-4BBC-BF3D-FC2DD01283E1}
		{E98692E1-D34C-4F87-9B7E-47DB46A10E39} = {6A228999-C54B-4BBC-BF3D-FC2DD01283E1}
		{4F72E69C-E645-466A-B657-B3159F85A833} = {6A228999-C54B-4BBC-BF3D-FC2DD01283E1}
	EndGlobalSection
	GlobalSection(ExtensibilityGlobals) = postSolution
		SolutionGuid = {8258C9B5-2789-4A45-9DEE-2D511B2C7A43}
	EndGlobalSection
EndGlobal
